
Microsoft Visual Studio Solution File, Format Version 12.00
# Visual Studio Version 17
VisualStudioVersion = 17.13.35617.110
MinimumVisualStudioVersion = 10.0.40219.1
Project("{FAE04EC0-301F-11D3-BF4B-00C04F79EFBC}") = "DocumentsProtector", "MainForm\DocumentsProtector.csproj", "{75644192-C015-8664-CDD8-68E17CE125CD}"
EndProject
Global
	GlobalSection(SolutionConfigurationPlatforms) = preSolution
		Debug|Any CPU = Debug|Any CPU
		Release|Any CPU = Release|Any CPU
	EndGlobalSection
	GlobalSection(ProjectConfigurationPlatforms) = postSolution
		{75644192-C015-8664-CDD8-68E17CE125CD}.Debug|Any CPU.ActiveCfg = Debug|Any CPU
		{75644192-C015-8664-CDD8-68E17CE125CD}.Debug|Any CPU.Build.0 = Debug|Any CPU
		{75644192-C015-8664-CDD8-68E17CE125CD}.Release|Any CPU.ActiveCfg = Release|Any CPU
		{75644192-C015-8664-CDD8-68E17CE125CD}.Release|Any CPU.Build.0 = Release|Any CPU
	EndGlobalSection
	GlobalSection(SolutionProperties) = preSolution
		HideSolutionNode = FALSE
	EndGlobalSection
	GlobalSection(ExtensibilityGlobals) = postSolution
		SolutionGuid = {556D88C4-B533-43B1-81F7-5AC636AA0352}
	EndGlobalSection
EndGlobal
